// !$*UTF8*$!
{
	archiveVersion = 1;
	classes = {
	};
	objectVersion = 46;
	objects = {

/* Begin PBXBuildFile section */
		033B25281D1138460039D40D /* main.m in Sources */ = {isa = PBXBuildFile; fileRef = 033B25271D1138460039D40D /* main.m */; };
		033B252B1D1138460039D40D /* AppDelegate.m in Sources */ = {isa = PBXBuildFile; fileRef = 033B252A1D1138460039D40D /* AppDelegate.m */; };
		033B252E1D1138460039D40D /* ViewController.m in Sources */ = {isa = PBXBuildFile; fileRef = 033B252D1D1138460039D40D /* ViewController.m */; };
		033B25311D1138460039D40D /* Main.storyboard in Resources */ = {isa = PBXBuildFile; fileRef = 033B252F1D1138460039D40D /* Main.storyboard */; };
		033B25331D1138460039D40D /* Assets.xcassets in Resources */ = {isa = PBXBuildFile; fileRef = 033B25321D1138460039D40D /* Assets.xcassets */; };
		033B25361D1138460039D40D /* LaunchScreen.storyboard in Resources */ = {isa = PBXBuildFile; fileRef = 033B25341D1138460039D40D /* LaunchScreen.storyboard */; };
		033B25411D1138460039D40D /* SingletonDemonTests.m in Sources */ = {isa = PBXBuildFile; fileRef = 033B25401D1138460039D40D /* SingletonDemonTests.m */; };
		033B254C1D1138460039D40D /* SingletonDemonUITests.m in Sources */ = {isa = PBXBuildFile; fileRef = 033B254B1D1138460039D40D /* SingletonDemonUITests.m */; };
		033B255C1D1144230039D40D /* Try.m in Sources */ = {isa = PBXBuildFile; fileRef = 033B255B1D1144230039D40D /* Try.m */; };
/* End PBXBuildFile section */

/* Begin PBXContainerItemProxy section */
		033B253D1D1138460039D40D /* PBXContainerItemProxy */ = {
			isa = PBXContainerItemProxy;
			containerPortal = 033B251B1D1138450039D40D /* Project object */;
			proxyType = 1;
			remoteGlobalIDString = 033B25221D1138450039D40D;
			remoteInfo = SingletonDemon;
		};
		033B25481D1138460039D40D /* PBXContainerItemProxy */ = {
			isa = PBXContainerItemProxy;
			containerPortal = 033B251B1D1138450039D40D /* Project object */;
			proxyType = 1;
			remoteGlobalIDString = 033B25221D1138450039D40D;
			remoteInfo = SingletonDemon;
		};
/* End PBXContainerItemProxy section */

/* Begin PBXFileReference section */
		033B25231D1138460039D40D /* SingletonDemon.app */ = {isa = PBXFileReference; explicitFileType = wrapper.application; includeInIndex = 0; path = SingletonDemon.app; sourceTree = BUILT_PRODUCTS_DIR; };
		033B25271D1138460039D40D /* main.m */ = {isa = PBXFileReference; lastKnownFileType = sourcecode.c.objc; path = main.m; sourceTree = "<group>"; };
		033B25291D1138460039D40D /* AppDelegate.h */ = {isa = PBXFileReference; lastKnownFileType = sourcecode.c.h; path = AppDelegate.h; sourceTree = "<group>"; };
		033B252A1D1138460039D40D /* AppDelegate.m */ = {isa = PBXFileReference; lastKnownFileType = sourcecode.c.objc; path = AppDelegate.m; sourceTree = "<group>"; };
		033B252C1D1138460039D40D /* ViewController.h */ = {isa = PBXFileReference; lastKnownFileType = sourcecode.c.h; path = ViewController.h; sourceTree = "<group>"; };
		033B252D1D1138460039D40D /* ViewController.m */ = {isa = PBXFileReference; lastKnownFileType = sourcecode.c.objc; path = ViewController.m; sourceTree = "<group>"; };
		033B25301D1138460039D40D /* Base */ = {isa = PBXFileReference; lastKnownFileType = file.storyboard; name = Base; path = Base.lproj/Main.storyboard; sourceTree = "<group>"; };
		033B25321D1138460039D40D /* Assets.xcassets */ = {isa = PBXFileReference; lastKnownFileType = folder.assetcatalog; path = Assets.xcassets; sourceTree = "<group>"; };
		033B25351D1138460039D40D /* Base */ = {isa = PBXFileReference; lastKnownFileType = file.storyboard; name = Base; path = Base.lproj/LaunchScreen.storyboard; sourceTree = "<group>"; };
		033B25371D1138460039D40D /* Info.plist */ = {isa = PBXFileReference; lastKnownFileType = text.plist.xml; path = Info.plist; sourceTree = "<group>"; };
		033B253C1D1138460039D40D /* SingletonDemonTests.xctest */ = {isa = PBXFileReference; explicitFileType = wrapper.cfbundle; includeInIndex = 0; path = SingletonDemonTests.xctest; sourceTree = BUILT_PRODUCTS_DIR; };
		033B25401D1138460039D40D /* SingletonDemonTests.m */ = {isa = PBXFileReference; lastKnownFileType = sourcecode.c.objc; path = SingletonDemonTests.m; sourceTree = "<group>"; };
		033B25421D1138460039D40D /* Info.plist */ = {isa = PBXFileReference; lastKnownFileType = text.plist.xml; path = Info.plist; sourceTree = "<group>"; };
		033B25471D1138460039D40D /* SingletonDemonUITests.xctest */ = {isa = PBXFileReference; explicitFileType = wrapper.cfbundle; includeInIndex = 0; path = SingletonDemonUITests.xctest; sourceTree = BUILT_PRODUCTS_DIR; };
		033B254B1D1138460039D40D /* SingletonDemonUITests.m */ = {isa = PBXFileReference; lastKnownFileType = sourcecode.c.objc; path = SingletonDemonUITests.m; sourceTree = "<group>"; };
		033B254D1D1138460039D40D /* Info.plist */ = {isa = PBXFileReference; lastKnownFileType = text.plist.xml; path = Info.plist; sourceTree = "<group>"; };
		033B25591D1138CA0039D40D /* Singleton.h */ = {isa = PBXFileReference; lastKnownFileType = sourcecode.c.h; path = Singleton.h; sourceTree = "<group>"; };
		033B255A1D1144230039D40D /* Try.h */ = {isa = PBXFileReference; fileEncoding = 4; lastKnownFileType = sourcecode.c.h; path = Try.h; sourceTree = "<group>"; };
		033B255B1D1144230039D40D /* Try.m */ = {isa = PBXFileReference; fileEncoding = 4; lastKnownFileType = sourcecode.c.objc; path = Try.m; sourceTree = "<group>"; };
/* End PBXFileReference section */

/* Begin PBXFrameworksBuildPhase section */
		033B25201D1138450039D40D /* Frameworks */ = {
			isa = PBXFrameworksBuildPhase;
			buildActionMask = 2147483647;
			files = (
			);
			runOnlyForDeploymentPostprocessing = 0;
		};
		033B25391D1138460039D40D /* Frameworks */ = {
			isa = PBXFrameworksBuildPhase;
			buildActionMask = 2147483647;
			files = (
			);
			runOnlyForDeploymentPostprocessing = 0;
		};
		033B25441D1138460039D40D /* Frameworks */ = {
			isa = PBXFrameworksBuildPhase;
			buildActionMask = 2147483647;
			files = (
			);
			runOnlyForDeploymentPostprocessing = 0;
		};
/* End PBXFrameworksBuildPhase section */

/* Begin PBXGroup section */
		033B251A1D1138450039D40D = {
			isa = PBXGroup;
			children = (
				033B25251D1138460039D40D /* SingletonDemon */,
				033B253F1D1138460039D40D /* SingletonDemonTests */,
				033B254A1D1138460039D40D /* SingletonDemonUITests */,
				033B25241D1138460039D40D /* Products */,
			);
			sourceTree = "<group>";
		};
		033B25241D1138460039D40D /* Products */ = {
			isa = PBXGroup;
			children = (
				033B25231D1138460039D40D /* SingletonDemon.app */,
				033B253C1D1138460039D40D /* SingletonDemonTests.xctest */,
				033B25471D1138460039D40D /* SingletonDemonUITests.xctest */,
			);
			name = Products;
			sourceTree = "<group>";
		};
		033B25251D1138460039D40D /* SingletonDemon */ = {
			isa = PBXGroup;
			children = (
				033B25291D1138460039D40D /* AppDelegate.h */,
				033B252A1D1138460039D40D /* AppDelegate.m */,
				033B252C1D1138460039D40D /* ViewController.h */,
				033B252D1D1138460039D40D /* ViewController.m */,
				033B25591D1138CA0039D40D /* Singleton.h */,
				033B255A1D1144230039D40D /* Try.h */,
				033B255B1D1144230039D40D /* Try.m */,
				033B252F1D1138460039D40D /* Main.storyboard */,
				033B25321D1138460039D40D /* Assets.xcassets */,
				033B25341D1138460039D40D /* LaunchScreen.storyboard */,
				033B25371D1138460039D40D /* Info.plist */,
				033B25261D1138460039D40D /* Supporting Files */,
			);
			path = SingletonDemon;
			sourceTree = "<group>";
		};
		033B25261D1138460039D40D /* Supporting Files */ = {
			isa = PBXGroup;
			children = (
				033B25271D1138460039D40D /* main.m */,
			);
			name = "Supporting Files";
			sourceTree = "<group>";
		};
		033B253F1D1138460039D40D /* SingletonDemonTests */ = {
			isa = PBXGroup;
			children = (
				033B25401D1138460039D40D /* SingletonDemonTests.m */,
				033B25421D1138460039D40D /* Info.plist */,
			);
			path = SingletonDemonTests;
			sourceTree = "<group>";
		};
		033B254A1D1138460039D40D /* SingletonDemonUITests */ = {
			isa = PBXGroup;
			children = (
				033B254B1D1138460039D40D /* SingletonDemonUITests.m */,
				033B254D1D1138460039D40D /* Info.plist */,
			);
			path = SingletonDemonUITests;
			sourceTree = "<group>";
		};
/* End PBXGroup section */

/* Begin PBXNativeTarget section */
		033B25221D1138450039D40D /* SingletonDemon */ = {
			isa = PBXNativeTarget;
			buildConfigurationList = 033B25501D1138460039D40D /* Build configuration list for PBXNativeTarget "SingletonDemon" */;
			buildPhases = (
				033B251F1D1138450039D40D /* Sources */,
				033B25201D1138450039D40D /* Frameworks */,
				033B25211D1138450039D40D /* Resources */,
			);
			buildRules = (
			);
			dependencies = (
			);
			name = SingletonDemon;
			productName = SingletonDemon;
			productReference = 033B25231D1138460039D40D /* SingletonDemon.app */;
			productType = "com.apple.product-type.application";
		};
		033B253B1D1138460039D40D /* SingletonDemonTests */ = {
			isa = PBXNativeTarget;
			buildConfigurationList = 033B25531D1138460039D40D /* Build configuration list for PBXNativeTarget "SingletonDemonTests" */;
			buildPhases = (
				033B25381D1138460039D40D /* Sources */,
				033B25391D1138460039D40D /* Frameworks */,
				033B253A1D1138460039D40D /* Resources */,
			);
			buildRules = (
			);
			dependencies = (
				033B253E1D1138460039D40D /* PBXTargetDependency */,
			);
			name = SingletonDemonTests;
			productName = SingletonDemonTests;
			productReference = 033B253C1D1138460039D40D /* SingletonDemonTests.xctest */;
			productType = "com.apple.product-type.bundle.unit-test";
		};
		033B25461D1138460039D40D /* SingletonDemonUITests */ = {
			isa = PBXNativeTarget;
			buildConfigurationList = 033B25561D1138460039D40D /* Build configuration list for PBXNativeTarget "SingletonDemonUITests" */;
			buildPhases = (
				033B25431D1138460039D40D /* Sources */,
				033B25441D1138460039D40D /* Frameworks */,
				033B25451D1138460039D40D /* Resources */,
			);
			buildRules = (
			);
			dependencies = (
				033B25491D1138460039D40D /* PBXTargetDependency */,
			);
			name = SingletonDemonUITests;
			productName = SingletonDemonUITests;
			productReference = 033B25471D1138460039D40D /* SingletonDemonUITests.xctest */;
			productType = "com.apple.product-type.bundle.ui-testing";
		};
/* End PBXNativeTarget section */

/* Begin PBXProject section */
		033B251B1D1138450039D40D /* Project object */ = {
			isa = PBXProject;
			attributes = {
				LastUpgradeCheck = 0730;
				ORGANIZATIONNAME = SevenCelsius;
				TargetAttributes = {
					033B25221D1138450039D40D = {
						CreatedOnToolsVersion = 7.3.1;
						DevelopmentTeam = AJ4YA27V26;
					};
					033B253B1D1138460039D40D = {
						CreatedOnToolsVersion = 7.3.1;
						DevelopmentTeam = AJ4YA27V26;
						TestTargetID = 033B25221D1138450039D40D;
					};
					033B25461D1138460039D40D = {
						CreatedOnToolsVersion = 7.3.1;
						DevelopmentTeam = AJ4YA27V26;
						TestTargetID = 033B25221D1138450039D40D;
					};
				};
			};
			buildConfigurationList = 033B251E1D1138450039D40D /* Build configuration list for PBXProject "SingletonDemon" */;
			compatibilityVersion = "Xcode 3.2";
			developmentRegion = English;
			hasScannedForEncodings = 0;
			knownRegions = (
				en,
				Base,
			);
			mainGroup = 033B251A1D1138450039D40D;
			productRefGroup = 033B25241D1138460039D40D /* Products */;
			projectDirPath = "";
			projectRoot = "";
			targets = (
				033B25221D1138450039D40D /* SingletonDemon */,
				033B253B1D1138460039D40D /* SingletonDemonTests */,
				033B25461D1138460039D40D /* SingletonDemonUITests */,
			);
		};
/* End PBXProject section */

/* Begin PBXResourcesBuildPhase section */
		033B25211D1138450039D40D /* Resources */ = {
			isa = PBXResourcesBuildPhase;
			buildActionMask = 2147483647;
			files = (
				033B25361D1138460039D40D /* LaunchScreen.storyboard in Resources */,
				033B25331D1138460039D40D /* Assets.xcassets in Resources */,
				033B25311D1138460039D40D /* Main.storyboard in Resources */,
			);
			runOnlyForDeploymentPostprocessing = 0;
		};
		033B253A1D1138460039D40D /* Resources */ = {
			isa = PBXResourcesBuildPhase;
			buildActionMask = 2147483647;
			files = (
			);
			runOnlyForDeploymentPostprocessing = 0;
		};
		033B25451D1138460039D40D /* Resources */ = {
			isa = PBXResourcesBuildPhase;
			buildActionMask = 2147483647;
			files = (
			);
			runOnlyForDeploymentPostprocessing = 0;
		};
/* End PBXResourcesBuildPhase section */

/* Begin PBXSourcesBuildPhase section */
		033B251F1D1138450039D40D /* Sources */ = {
			isa = PBXSourcesBuildPhase;
			buildActionMask = 2147483647;
			files = (
				033B252E1D1138460039D40D /* ViewController.m in Sources */,
				033B252B1D1138460039D40D /* AppDelegate.m in Sources */,
				033B25281D1138460039D40D /* main.m in Sources */,
				033B255C1D1144230039D40D /* Try.m in Sources */,
			);
			runOnlyForDeploymentPostprocessing = 0;
		};
		033B25381D1138460039D40D /* Sources */ = {
			isa = PBXSourcesBuildPhase;
			buildActionMask = 2147483647;
			files = (
				033B25411D1138460039D40D /* SingletonDemonTests.m in Sources */,
			);
			runOnlyForDeploymentPostprocessing = 0;
		};
		033B25431D1138460039D40D /* Sources */ = {
			isa = PBXSourcesBuildPhase;
			buildActionMask = 2147483647;
			files = (
				033B254C1D1138460039D40D /* SingletonDemonUITests.m in Sources */,
			);
			runOnlyForDeploymentPostprocessing = 0;
		};
/* End PBXSourcesBuildPhase section */

/* Begin PBXTargetDependency section */
		033B253E1D1138460039D40D /* PBXTargetDependency */ = {
			isa = PBXTargetDependency;
			target = 033B25221D1138450039D40D /* SingletonDemon */;
			targetProxy = 033B253D1D1138460039D40D /* PBXContainerItemProxy */;
		};
		033B25491D1138460039D40D /* PBXTargetDependency */ = {
			isa = PBXTargetDependency;
			target = 033B25221D1138450039D40D /* SingletonDemon */;
			targetProxy = 033B25481D1138460039D40D /* PBXContainerItemProxy */;
		};
/* End PBXTargetDependency section */

/* Begin PBXVariantGroup section */
		033B252F1D1138460039D40D /* Main.storyboard */ = {
			isa = PBXVariantGroup;
			children = (
				033B25301D1138460039D40D /* Base */,
			);
			name = Main.storyboard;
			sourceTree = "<group>";
		};
		033B25341D1138460039D40D /* LaunchScreen.storyboard */ = {
			isa = PBXVariantGroup;
			children = (
				033B25351D1138460039D40D /* Base */,
			);
			name = LaunchScreen.storyboard;
			sourceTree = "<group>";
		};
/* End PBXVariantGroup section */

/* Begin XCBuildConfiguration section */
		033B254E1D1138460039D40D /* Debug */ = {
			isa = XCBuildConfiguration;
			buildSettings = {
				ALWAYS_SEARCH_USER_PATHS = NO;
				CLANG_ANALYZER_NONNULL = YES;
				CLANG_CXX_LANGUAGE_STANDARD = "gnu++0x";
				CLANG_CXX_LIBRARY = "libc++";
				CLANG_ENABLE_MODULES = YES;
				CLANG_ENABLE_OBJC_ARC = YES;
				CLANG_WARN_BOOL_CONVERSION = YES;
				CLANG_WARN_CONSTANT_CONVERSION = YES;
				CLANG_WARN_DIRECT_OBJC_ISA_USAGE = YES_ERROR;
				CLANG_WARN_EMPTY_BODY = YES;
				CLANG_WARN_ENUM_CONVERSION = YES;
				CLANG_WARN_INT_CONVERSION = YES;
				CLANG_WARN_OBJC_ROOT_CLASS = YES_ERROR;
				CLANG_WARN_UNREACHABLE_CODE = YES;
				CLANG_WARN__DUPLICATE_METHOD_MATCH = YES;
				"CODE_SIGN_IDENTITY[sdk=iphoneos*]" = "iPhone Developer";
				COPY_PHASE_STRIP = NO;
				DEBUG_INFORMATION_FORMAT = dwarf;
				ENABLE_STRICT_OBJC_MSGSEND = YES;
				ENABLE_TESTABILITY = YES;
				GCC_C_LANGUAGE_STANDARD = gnu99;
				GCC_DYNAMIC_NO_PIC = NO;
				GCC_NO_COMMON_BLOCKS = YES;
				GCC_OPTIMIZATION_LEVEL = 0;
				GCC_PREPROCESSOR_DEFINITIONS = (
					"DEBUG=1",
					"$(inherited)",
				);
				GCC_WARN_64_TO_32_BIT_CONVERSION = YES;
				GCC_WARN_ABOUT_RETURN_TYPE = YES_ERROR;
				GCC_WARN_UNDECLARED_SELECTOR = YES;
				GCC_WARN_UNINITIALIZED_AUTOS = YES_AGGRESSIVE;
				GCC_WARN_UNUSED_FUNCTION = YES;
				GCC_WARN_UNUSED_VARIABLE = YES;
				IPHONEOS_DEPLOYMENT_TARGET = 9.3;
				MTL_ENABLE_DEBUG_INFO = YES;
				ONLY_ACTIVE_ARCH = YES;
				SDKROOT = iphoneos;
			};
			name = Debug;
		};
		033B254F1D1138460039D40D /* Release */ = {
			isa = XCBuildConfiguration;
			buildSettings = {
				ALWAYS_SEARCH_USER_PATHS = NO;
				CLANG_ANALYZER_NONNULL = YES;
				CLANG_CXX_LANGUAGE_STANDARD = "gnu++0x";
				CLANG_CXX_LIBRARY = "libc++";
				CLANG_ENABLE_MODULES = YES;
				CLANG_ENABLE_OBJC_ARC = YES;
				CLANG_WARN_BOOL_CONVERSION = YES;
				CLANG_WARN_CONSTANT_CONVERSION = YES;
				CLANG_WARN_DIRECT_OBJC_ISA_USAGE = YES_ERROR;
				CLANG_WARN_EMPTY_BODY = YES;
				CLANG_WARN_ENUM_CONVERSION = YES;
				CLANG_WARN_INT_CONVERSION = YES;
				CLANG_WARN_OBJC_ROOT_CLASS = YES_ERROR;
				CLANG_WARN_UNREACHABLE_CODE = YES;
				CLANG_WARN__DUPLICATE_METHOD_MATCH = YES;
				"CODE_SIGN_IDENTITY[sdk=iphoneos*]" = "iPhone Developer";
				COPY_PHASE_STRIP = NO;
				DEBUG_INFORMATION_FORMAT = "dwarf-with-dsym";
				ENABLE_NS_ASSERTIONS = NO;
				ENABLE_STRICT_OBJC_MSGSEND = YES;
				GCC_C_LANGUAGE_STANDARD = gnu99;
				GCC_NO_COMMON_BLOCKS = YES;
				GCC_WARN_64_TO_32_BIT_CONVERSION = YES;
				GCC_WARN_ABOUT_RETURN_TYPE = YES_ERROR;
				GCC_WARN_UNDECLARED_SELECTOR = YES;
				GCC_WARN_UNINITIALIZED_AUTOS = YES_AGGRESSIVE;
				GCC_WARN_UNUSED_FUNCTION = YES;
				GCC_WARN_UNUSED_VARIABLE = YES;
				IPHONEOS_DEPLOYMENT_TARGET = 9.3;
				MTL_ENABLE_DEBUG_INFO = NO;
				SDKROOT = iphoneos;
				VALIDATE_PRODUCT = YES;
			};
			name = Release;
		};
		033B25511D1138460039D40D /* Debug */ = {
			isa = XCBuildConfiguration;
			buildSettings = {
				ASSETCATALOG_COMPILER_APPICON_NAME = AppIcon;
				INFOPLIST_FILE = SingletonDemon/Info.plist;
				LD_RUNPATH_SEARCH_PATHS = "$(inherited) @executable_path/Frameworks";
				PRODUCT_BUNDLE_IDENTIFIER = com.sevencelsius.SingletonDemon;
				PRODUCT_NAME = "$(TARGET_NAME)";
			};
			name = Debug;
		};
		033B25521D1138460039D40D /* Release */ = {
			isa = XCBuildConfiguration;
			buildSettings = {
				ASSETCATALOG_COMPILER_APPICON_NAME = AppIcon;
				INFOPLIST_FILE = SingletonDemon/Info.plist;
				LD_RUNPATH_SEARCH_PATHS = "$(inherited) @executable_path/Frameworks";
				PRODUCT_BUNDLE_IDENTIFIER = com.sevencelsius.SingletonDemon;
				PRODUCT_NAME = "$(TARGET_NAME)";
			};
			name = Release;
		};
		033B25541D1138460039D40D /* Debug */ = {
			isa = XCBuildConfiguration;
			buildSettings = {
				BUNDLE_LOADER = "$(TEST_HOST)";
				INFOPLIST_FILE = SingletonDemonTests/Info.plist;
				LD_RUNPATH_SEARCH_PATHS = "$(inherited) @executable_path/Frameworks @loader_path/Frameworks";
				PRODUCT_BUNDLE_IDENTIFIER = com.sevencelsius.SingletonDemonTests;
				PRODUCT_NAME = "$(TARGET_NAME)";
				TEST_HOST = "$(BUILT_PRODUCTS_DIR)/SingletonDemon.app/SingletonDemon";
			};
			name = Debug;
		};
		033B25551D1138460039D40D /* Release */ = {
			isa = XCBuildConfiguration;
			buildSettings = {
				BUNDLE_LOADER = "$(TEST_HOST)";
				INFOPLIST_FILE = SingletonDemonTests/Info.plist;
				LD_RUNPATH_SEARCH_PATHS = "$(inherited) @executable_path/Frameworks @loader_path/Frameworks";
				PRODUCT_BUNDLE_IDENTIFIER = com.sevencelsius.SingletonDemonTests;
				PRODUCT_NAME = "$(TARGET_NAME)";
				TEST_HOST = "$(BUILT_PRODUCTS_DIR)/SingletonDemon.app/SingletonDemon";
			};
			name = Release;
		};
		033B25571D1138460039D40D /* Debug */ = {
			isa = XCBuildConfiguration;
			buildSettings = {
				INFOPLIST_FILE = SingletonDemonUITests/Info.plist;
				LD_RUNPATH_SEARCH_PATHS = "$(inherited) @executable_path/Frameworks @loader_path/Frameworks";
				PRODUCT_BUNDLE_IDENTIFIER = com.sevencelsius.SingletonDemonUITests;
				PRODUCT_NAME = "$(TARGET_NAME)";
				TEST_TARGET_NAME = SingletonDemon;
			};
			name = Debug;
		};
		033B25581D1138460039D40D /* Release */ = {
			isa = XCBuildConfiguration;
			buildSettings = {
				INFOPLIST_FILE = SingletonDemonUITests/Info.plist;
				LD_RUNPATH_SEARCH_PATHS = "$(inherited) @executable_path/Frameworks @loader_path/Frameworks";
				PRODUCT_BUNDLE_IDENTIFIER = com.sevencelsius.SingletonDemonUITests;
				PRODUCT_NAME = "$(TARGET_NAME)";
				TEST_TARGET_NAME = SingletonDemon;
			};
			name = Release;
		};
/* End XCBuildConfiguration section */

/* Begin XCConfigurationList section */
		033B251E1D1138450039D40D /* Build configuration list for PBXProject "SingletonDemon" */ = {
			isa = XCConfigurationList;
			buildConfigurations = (
				033B254E1D1138460039D40D /* Debug */,
				033B254F1D1138460039D40D /* Release */,
			);
			defaultConfigurationIsVisible = 0;
			defaultConfigurationName = Release;
		};
		033B25501D1138460039D40D /* Build configuration list for PBXNativeTarget "SingletonDemon" */ = {
			isa = XCConfigurationList;
			buildConfigurations = (
				033B25511D1138460039D40D /* Debug */,
				033B25521D1138460039D40D /* Release */,
			);
			defaultConfigurationIsVisible = 0;
			defaultConfigurationName = Release;
		};
		033B25531D1138460039D40D /* Build configuration list for PBXNativeTarget "SingletonDemonTests" */ = {
			isa = XCConfigurationList;
			buildConfigurations = (
				033B25541D1138460039D40D /* Debug */,
				033B25551D1138460039D40D /* Release */,
			);
			defaultConfigurationIsVisible = 0;
			defaultConfigurationName = Release;
		};
		033B25561D1138460039D40D /* Build configuration list for PBXNativeTarget "SingletonDemonUITests" */ = {
			isa = XCConfigurationList;
			buildConfigurations = (
				033B25571D1138460039D40D /* Debug */,
				033B25581D1138460039D40D /* Release */,
			);
			defaultConfigurationIsVisible = 0;
			defaultConfigurationName = Release;
		};
/* End XCConfigurationList section */
	};
	rootObject = 033B251B1D1138450039D40D /* Project object */;
}
